
Microsoft Visual Studio Solution File, Format Version 12.00
# Visual Studio Version 17
VisualStudioVersion = 17.0.32014.148
MinimumVisualStudioVersion = 10.0.40219.1
Project("{FAE04EC0-301F-11D3-BF4B-00C04F79EFBC}") = "FilmaiOutAPI", "FilmaiOutAPI.csproj", "{812DC470-D801-42FC-933E-69D5C9B3673C}"
EndProject
Global
	GlobalSection(SolutionConfigurationPlatforms) = preSolution
		Debug|Any CPU = Debug|Any CPU
		Release|Any CPU = Release|Any CPU
	EndGlobalSection
	GlobalSection(ProjectConfigurationPlatforms) = postSolution
		{812DC470-D801-42FC-933E-69D5C9B3673C}.Debug|Any CPU.ActiveCfg = Debug|Any CPU
		{812DC470-D801-42FC-933E-69D5C9B3673C}.Debug|Any CPU.Build.0 = Debug|Any CPU
		{812DC470-D801-42FC-933E-69D5C9B3673C}.Release|Any CPU.ActiveCfg = Release|Any CPU
		{812DC470-D801-42FC-933E-69D5C9B3673C}.Release|Any CPU.Build.0 = Release|Any CPU
	EndGlobalSection
	GlobalSection(SolutionProperties) = preSolution
		HideSolutionNode = FALSE
	EndGlobalSection
	GlobalSection(ExtensibilityGlobals) = postSolution
		SolutionGuid = {7A2BEF4B-F02A-44C0-8506-1B1272E5325E}
	EndGlobalSection
EndGlobal
